
Microsoft Visual Studio Solution File, Format Version 12.00
Project("{2150E333-8FDC-42A3-9474-1A3956D46DE8}") = "IdentityServer", "IdentityServer", "{7F3AE1A7-BFBB-44C6-BFEE-B10C094B8077}"
EndProject
Project("{2150E333-8FDC-42A3-9474-1A3956D46DE8}") = "Services", "Services", "{C061CC1D-A937-48EF-A481-4503F81204DE}"
EndProject
Project("{2150E333-8FDC-42A3-9474-1A3956D46DE8}") = "Shared", "Shared", "{0D6910BA-74EC-43DF-B411-47AA09EAA507}"
EndProject
Project("{FAE04EC0-301F-11D3-BF4B-00C04F79EFBC}") = "FreeCourse.Shared", "Shared\FreeCourse.Shared\FreeCourse.Shared.csproj", "{367DC323-6CEE-4880-88A8-59EFD632281D}"
EndProject
Project("{FAE04EC0-301F-11D3-BF4B-00C04F79EFBC}") = "FreeCourse.IdentityServer", "IdentityServer\FreeCourse.IdentityServer\FreeCourse.IdentityServer.csproj", "{E68611DB-9781-4581-8247-1A0A7EA07DA4}"
EndProject
Project("{2150E333-8FDC-42A3-9474-1A3956D46DE8}") = "Catalog", "Catalog", "{8B325468-A629-4609-AF84-E5B2823F42CC}"
EndProject
Project("{FAE04EC0-301F-11D3-BF4B-00C04F79EFBC}") = "FreeCourse.Services.Catalog", "Services\Catalog\FreeCourse.Services.Catalog\FreeCourse.Services.Catalog.csproj", "{58745697-97CC-48F0-8DC7-6D1230F6B42D}"
EndProject
Project("{2150E333-8FDC-42A3-9474-1A3956D46DE8}") = "PhotoStock", "PhotoStock", "{18B35305-B035-4C6C-9585-8412573DDDB9}"
EndProject
Project("{FAE04EC0-301F-11D3-BF4B-00C04F79EFBC}") = "FreeCourse.Services.PhotoStock", "Services\PhotoStock\FreeCourse.Services.PhotoStock\FreeCourse.Services.PhotoStock.csproj", "{9AA7413D-0363-43A8-AE9C-397CE2752F95}"
EndProject
Project("{2150E333-8FDC-42A3-9474-1A3956D46DE8}") = "Basket", "Basket", "{08ED1416-CA1F-40AB-857B-2FF9010E8202}"
EndProject
Project("{FAE04EC0-301F-11D3-BF4B-00C04F79EFBC}") = "FreeCourse.Services.Basket", "Services\Basket\FreeCourse.Services.Basket\FreeCourse.Services.Basket.csproj", "{733BBF50-E2B0-487C-B5E1-653D8716A7A6}"
EndProject
Project("{2150E333-8FDC-42A3-9474-1A3956D46DE8}") = "Discount", "Discount", "{04577DE6-8369-4130-BE58-BC3F9D351B28}"
EndProject
Project("{FAE04EC0-301F-11D3-BF4B-00C04F79EFBC}") = "FreeCourse.Services.Discount", "Services\Discount\FreeCourse.Services.Discount\FreeCourse.Services.Discount.csproj", "{A80C59B8-F0A2-424D-946E-ED9608DE687A}"
EndProject
Project("{2150E333-8FDC-42A3-9474-1A3956D46DE8}") = "Order", "Order", "{DB58F1CC-0857-45D8-BBDE-E36A2367F191}"
EndProject
Project("{FAE04EC0-301F-11D3-BF4B-00C04F79EFBC}") = "FreeCourse.Services.Order.API", "Services\Order\FreeCourse.Services.Order.API\FreeCourse.Services.Order.API.csproj", "{C80EDEDC-06C2-4255-A953-662540CCBEE2}"
EndProject
Project("{FAE04EC0-301F-11D3-BF4B-00C04F79EFBC}") = "FreeCourse.Services.Order.Application", "Services\Order\FreeCourse.Services.Order.Application\FreeCourse.Services.Order.Application.csproj", "{418966DC-C012-4057-A0D6-8365308F2801}"
EndProject
Project("{FAE04EC0-301F-11D3-BF4B-00C04F79EFBC}") = "FreeCourse.Services.Order.Domain", "Services\Order\FreeCourse.Services.Order.Domain\FreeCourse.Services.Order.Domain.csproj", "{AE7FA2A9-3F3B-4115-9EBA-316713DAF621}"
EndProject
Project("{FAE04EC0-301F-11D3-BF4B-00C04F79EFBC}") = "FreeCourse.Services.Order.Domain.Core", "Services\Order\FreeCourse.Services.Order.Domain.Core\FreeCourse.Services.Order.Domain.Core.csproj", "{5A672831-E507-45BB-8301-EEBF3242D9C6}"
EndProject
Project("{FAE04EC0-301F-11D3-BF4B-00C04F79EFBC}") = "FreeCourse.Services.Order.Infrastructure", "Services\Order\FreeCourse.Services.Order.Infrastructure\FreeCourse.Services.Order.Infrastructure.csproj", "{B0D4DAAE-4349-4704-8E5F-7166D30BEB8D}"
EndProject
Project("{2150E333-8FDC-42A3-9474-1A3956D46DE8}") = "FakePayment", "FakePayment", "{FCE12FDF-FCBB-4580-B631-AE5E4148B803}"
EndProject
Project("{FAE04EC0-301F-11D3-BF4B-00C04F79EFBC}") = "FreeCourse.Services.FakePayment", "Services\FakePayment\FreeCourse.Services.FakePayment\FreeCourse.Services.FakePayment.csproj", "{20AF082F-06F3-4D4D-BF18-86BF0781FE45}"
EndProject
Global
	GlobalSection(SolutionConfigurationPlatforms) = preSolution
		Debug|Any CPU = Debug|Any CPU
		Release|Any CPU = Release|Any CPU
	EndGlobalSection
	GlobalSection(NestedProjects) = preSolution
		{367DC323-6CEE-4880-88A8-59EFD632281D} = {0D6910BA-74EC-43DF-B411-47AA09EAA507}
		{E68611DB-9781-4581-8247-1A0A7EA07DA4} = {7F3AE1A7-BFBB-44C6-BFEE-B10C094B8077}
		{8B325468-A629-4609-AF84-E5B2823F42CC} = {C061CC1D-A937-48EF-A481-4503F81204DE}
		{58745697-97CC-48F0-8DC7-6D1230F6B42D} = {8B325468-A629-4609-AF84-E5B2823F42CC}
		{18B35305-B035-4C6C-9585-8412573DDDB9} = {C061CC1D-A937-48EF-A481-4503F81204DE}
		{9AA7413D-0363-43A8-AE9C-397CE2752F95} = {18B35305-B035-4C6C-9585-8412573DDDB9}
		{08ED1416-CA1F-40AB-857B-2FF9010E8202} = {C061CC1D-A937-48EF-A481-4503F81204DE}
		{733BBF50-E2B0-487C-B5E1-653D8716A7A6} = {08ED1416-CA1F-40AB-857B-2FF9010E8202}
		{04577DE6-8369-4130-BE58-BC3F9D351B28} = {C061CC1D-A937-48EF-A481-4503F81204DE}
		{A80C59B8-F0A2-424D-946E-ED9608DE687A} = {04577DE6-8369-4130-BE58-BC3F9D351B28}
		{DB58F1CC-0857-45D8-BBDE-E36A2367F191} = {C061CC1D-A937-48EF-A481-4503F81204DE}
		{C80EDEDC-06C2-4255-A953-662540CCBEE2} = {DB58F1CC-0857-45D8-BBDE-E36A2367F191}
		{418966DC-C012-4057-A0D6-8365308F2801} = {DB58F1CC-0857-45D8-BBDE-E36A2367F191}
		{AE7FA2A9-3F3B-4115-9EBA-316713DAF621} = {DB58F1CC-0857-45D8-BBDE-E36A2367F191}
		{5A672831-E507-45BB-8301-EEBF3242D9C6} = {DB58F1CC-0857-45D8-BBDE-E36A2367F191}
		{B0D4DAAE-4349-4704-8E5F-7166D30BEB8D} = {DB58F1CC-0857-45D8-BBDE-E36A2367F191}
		{FCE12FDF-FCBB-4580-B631-AE5E4148B803} = {C061CC1D-A937-48EF-A481-4503F81204DE}
		{20AF082F-06F3-4D4D-BF18-86BF0781FE45} = {FCE12FDF-FCBB-4580-B631-AE5E4148B803}
	EndGlobalSection
	GlobalSection(ProjectConfigurationPlatforms) = postSolution
		{367DC323-6CEE-4880-88A8-59EFD632281D}.Debug|Any CPU.ActiveCfg = Debug|Any CPU
		{367DC323-6CEE-4880-88A8-59EFD632281D}.Debug|Any CPU.Build.0 = Debug|Any CPU
		{367DC323-6CEE-4880-88A8-59EFD632281D}.Release|Any CPU.ActiveCfg = Release|Any CPU
		{367DC323-6CEE-4880-88A8-59EFD632281D}.Release|Any CPU.Build.0 = Release|Any CPU
		{E68611DB-9781-4581-8247-1A0A7EA07DA4}.Debug|Any CPU.ActiveCfg = Debug|Any CPU
		{E68611DB-9781-4581-8247-1A0A7EA07DA4}.Debug|Any CPU.Build.0 = Debug|Any CPU
		{E68611DB-9781-4581-8247-1A0A7EA07DA4}.Release|Any CPU.ActiveCfg = Release|Any CPU
		{E68611DB-9781-4581-8247-1A0A7EA07DA4}.Release|Any CPU.Build.0 = Release|Any CPU
		{58745697-97CC-48F0-8DC7-6D1230F6B42D}.Debug|Any CPU.ActiveCfg = Debug|Any CPU
		{58745697-97CC-48F0-8DC7-6D1230F6B42D}.Debug|Any CPU.Build.0 = Debug|Any CPU
		{58745697-97CC-48F0-8DC7-6D1230F6B42D}.Release|Any CPU.ActiveCfg = Release|Any CPU
		{58745697-97CC-48F0-8DC7-6D1230F6B42D}.Release|Any CPU.Build.0 = Release|Any CPU
		{9AA7413D-0363-43A8-AE9C-397CE2752F95}.Debug|Any CPU.ActiveCfg = Debug|Any CPU
		{9AA7413D-0363-43A8-AE9C-397CE2752F95}.Debug|Any CPU.Build.0 = Debug|Any CPU
		{9AA7413D-0363-43A8-AE9C-397CE2752F95}.Release|Any CPU.ActiveCfg = Release|Any CPU
		{9AA7413D-0363-43A8-AE9C-397CE2752F95}.Release|Any CPU.Build.0 = Release|Any CPU
		{733BBF50-E2B0-487C-B5E1-653D8716A7A6}.Debug|Any CPU.ActiveCfg = Debug|Any CPU
		{733BBF50-E2B0-487C-B5E1-653D8716A7A6}.Debug|Any CPU.Build.0 = Debug|Any CPU
		{733BBF50-E2B0-487C-B5E1-653D8716A7A6}.Release|Any CPU.ActiveCfg = Release|Any CPU
		{733BBF50-E2B0-487C-B5E1-653D8716A7A6}.Release|Any CPU.Build.0 = Release|Any CPU
		{A80C59B8-F0A2-424D-946E-ED9608DE687A}.Debug|Any CPU.ActiveCfg = Debug|Any CPU
		{A80C59B8-F0A2-424D-946E-ED9608DE687A}.Debug|Any CPU.Build.0 = Debug|Any CPU
		{A80C59B8-F0A2-424D-946E-ED9608DE687A}.Release|Any CPU.ActiveCfg = Release|Any CPU
		{A80C59B8-F0A2-424D-946E-ED9608DE687A}.Release|Any CPU.Build.0 = Release|Any CPU
		{C80EDEDC-06C2-4255-A953-662540CCBEE2}.Debug|Any CPU.ActiveCfg = Debug|Any CPU
		{C80EDEDC-06C2-4255-A953-662540CCBEE2}.Debug|Any CPU.Build.0 = Debug|Any CPU
		{C80EDEDC-06C2-4255-A953-662540CCBEE2}.Release|Any CPU.ActiveCfg = Release|Any CPU
		{C80EDEDC-06C2-4255-A953-662540CCBEE2}.Release|Any CPU.Build.0 = Release|Any CPU
		{418966DC-C012-4057-A0D6-8365308F2801}.Debug|Any CPU.ActiveCfg = Debug|Any CPU
		{418966DC-C012-4057-A0D6-8365308F2801}.Debug|Any CPU.Build.0 = Debug|Any CPU
		{418966DC-C012-4057-A0D6-8365308F2801}.Release|Any CPU.ActiveCfg = Release|Any CPU
		{418966DC-C012-4057-A0D6-8365308F2801}.Release|Any CPU.Build.0 = Release|Any CPU
		{AE7FA2A9-3F3B-4115-9EBA-316713DAF621}.Debug|Any CPU.ActiveCfg = Debug|Any CPU
		{AE7FA2A9-3F3B-4115-9EBA-316713DAF621}.Debug|Any CPU.Build.0 = Debug|Any CPU
		{AE7FA2A9-3F3B-4115-9EBA-316713DAF621}.Release|Any CPU.ActiveCfg = Release|Any CPU
		{AE7FA2A9-3F3B-4115-9EBA-316713DAF621}.Release|Any CPU.Build.0 = Release|Any CPU
		{5A672831-E507-45BB-8301-EEBF3242D9C6}.Debug|Any CPU.ActiveCfg = Debug|Any CPU
		{5A672831-E507-45BB-8301-EEBF3242D9C6}.Debug|Any CPU.Build.0 = Debug|Any CPU
		{5A672831-E507-45BB-8301-EEBF3242D9C6}.Release|Any CPU.ActiveCfg = Release|Any CPU
		{5A672831-E507-45BB-8301-EEBF3242D9C6}.Release|Any CPU.Build.0 = Release|Any CPU
		{B0D4DAAE-4349-4704-8E5F-7166D30BEB8D}.Debug|Any CPU.ActiveCfg = Debug|Any CPU
		{B0D4DAAE-4349-4704-8E5F-7166D30BEB8D}.Debug|Any CPU.Build.0 = Debug|Any CPU
		{B0D4DAAE-4349-4704-8E5F-7166D30BEB8D}.Release|Any CPU.ActiveCfg = Release|Any CPU
		{B0D4DAAE-4349-4704-8E5F-7166D30BEB8D}.Release|Any CPU.Build.0 = Release|Any CPU
		{20AF082F-06F3-4D4D-BF18-86BF0781FE45}.Debug|Any CPU.ActiveCfg = Debug|Any CPU
		{20AF082F-06F3-4D4D-BF18-86BF0781FE45}.Debug|Any CPU.Build.0 = Debug|Any CPU
		{20AF082F-06F3-4D4D-BF18-86BF0781FE45}.Release|Any CPU.ActiveCfg = Release|Any CPU
		{20AF082F-06F3-4D4D-BF18-86BF0781FE45}.Release|Any CPU.Build.0 = Release|Any CPU
	EndGlobalSection
EndGlobal
